
Microsoft Visual Studio Solution File, Format Version 12.00
# Visual Studio Version 17
VisualStudioVersion = 17.3.32922.545
MinimumVisualStudioVersion = 10.0.40219.1
Project("{FAE04EC0-301F-11D3-BF4B-00C04F79EFBC}") = "ConsoleIterator", "ConsoleIterator\ConsoleIterator.csproj", "{92D5D029-3B84-4232-8984-D7B58DE1095D}"
EndProject
Global
	GlobalSection(SolutionConfigurationPlatforms) = preSolution
		Debug|Any CPU = Debug|Any CPU
		Release|Any CPU = Release|Any CPU
	EndGlobalSection
	GlobalSection(ProjectConfigurationPlatforms) = postSolution
		{92D5D029-3B84-4232-8984-D7B58DE1095D}.Debug|Any CPU.ActiveCfg = Debug|Any CPU
		{92D5D029-3B84-4232-8984-D7B58DE1095D}.Debug|Any CPU.Build.0 = Debug|Any CPU
		{92D5D029-3B84-4232-8984-D7B58DE1095D}.Release|Any CPU.ActiveCfg = Release|Any CPU
		{92D5D029-3B84-4232-8984-D7B58DE1095D}.Release|Any CPU.Build.0 = Release|Any CPU
	EndGlobalSection
	GlobalSection(SolutionProperties) = preSolution
		HideSolutionNode = FALSE
	EndGlobalSection
	GlobalSection(ExtensibilityGlobals) = postSolution
		SolutionGuid = {F516DA63-0D43-4843-B083-BACB63FF1810}
	EndGlobalSection
EndGlobal
